// !$*UTF8*$!
{
	archiveVersion = 1;
	classes = {
	};
	objectVersion = 46;
	objects = {

/* Begin PBXBuildFile section */
		184A17681B2D2903003FD7F6 /* main.m in Sources */ = {isa = PBXBuildFile; fileRef = 184A17671B2D2903003FD7F6 /* main.m */; };
		184A176B1B2D2903003FD7F6 /* AppDelegate.m in Sources */ = {isa = PBXBuildFile; fileRef = 184A176A1B2D2903003FD7F6 /* AppDelegate.m */; };
		184A176E1B2D2903003FD7F6 /* ViewController.m in Sources */ = {isa = PBXBuildFile; fileRef = 184A176D1B2D2903003FD7F6 /* ViewController.m */; };
		184A17711B2D2903003FD7F6 /* Main.storyboard in Resources */ = {isa = PBXBuildFile; fileRef = 184A176F1B2D2903003FD7F6 /* Main.storyboard */; };
		184A17731B2D2903003FD7F6 /* Images.xcassets in Resources */ = {isa = PBXBuildFile; fileRef = 184A17721B2D2903003FD7F6 /* Images.xcassets */; };
		184A17761B2D2903003FD7F6 /* LaunchScreen.xib in Resources */ = {isa = PBXBuildFile; fileRef = 184A17741B2D2903003FD7F6 /* LaunchScreen.xib */; };
		184A17821B2D2903003FD7F6 /* part2_LOLHeroTests.m in Sources */ = {isa = PBXBuildFile; fileRef = 184A17811B2D2903003FD7F6 /* part2_LOLHeroTests.m */; };
		184A178C1B2D2E67003FD7F6 /* heros.plist in Resources */ = {isa = PBXBuildFile; fileRef = 184A178B1B2D2E67003FD7F6 /* heros.plist */; };
		184A178F1B2D313A003FD7F6 /* TTHero.m in Sources */ = {isa = PBXBuildFile; fileRef = 184A178E1B2D313A003FD7F6 /* TTHero.m */; };
/* End PBXBuildFile section */

/* Begin PBXContainerItemProxy section */
		184A177C1B2D2903003FD7F6 /* PBXContainerItemProxy */ = {
			isa = PBXContainerItemProxy;
			containerPortal = 184A175A1B2D2903003FD7F6 /* Project object */;
			proxyType = 1;
			remoteGlobalIDString = 184A17611B2D2903003FD7F6;
			remoteInfo = "part2-LOLHero";
		};
/* End PBXContainerItemProxy section */

/* Begin PBXFileReference section */
		184A17621B2D2903003FD7F6 /* part2-LOLHero.app */ = {isa = PBXFileReference; explicitFileType = wrapper.application; includeInIndex = 0; path = "part2-LOLHero.app"; sourceTree = BUILT_PRODUCTS_DIR; };
		184A17661B2D2903003FD7F6 /* Info.plist */ = {isa = PBXFileReference; lastKnownFileType = text.plist.xml; path = Info.plist; sourceTree = "<group>"; };
		184A17671B2D2903003FD7F6 /* main.m */ = {isa = PBXFileReference; lastKnownFileType = sourcecode.c.objc; path = main.m; sourceTree = "<group>"; };
		184A17691B2D2903003FD7F6 /* AppDelegate.h */ = {isa = PBXFileReference; lastKnownFileType = sourcecode.c.h; path = AppDelegate.h; sourceTree = "<group>"; };
		184A176A1B2D2903003FD7F6 /* AppDelegate.m */ = {isa = PBXFileReference; lastKnownFileType = sourcecode.c.objc; path = AppDelegate.m; sourceTree = "<group>"; };
		184A176C1B2D2903003FD7F6 /* ViewController.h */ = {isa = PBXFileReference; lastKnownFileType = sourcecode.c.h; path = ViewController.h; sourceTree = "<group>"; };
		184A176D1B2D2903003FD7F6 /* ViewController.m */ = {isa = PBXFileReference; lastKnownFileType = sourcecode.c.objc; path = ViewController.m; sourceTree = "<group>"; };
		184A17701B2D2903003FD7F6 /* Base */ = {isa = PBXFileReference; lastKnownFileType = file.storyboard; name = Base; path = Base.lproj/Main.storyboard; sourceTree = "<group>"; };
		184A17721B2D2903003FD7F6 /* Images.xcassets */ = {isa = PBXFileReference; lastKnownFileType = folder.assetcatalog; path = Images.xcassets; sourceTree = "<group>"; };
		184A17751B2D2903003FD7F6 /* Base */ = {isa = PBXFileReference; lastKnownFileType = file.xib; name = Base; path = Base.lproj/LaunchScreen.xib; sourceTree = "<group>"; };
		184A177B1B2D2903003FD7F6 /* part2-LOLHeroTests.xctest */ = {isa = PBXFileReference; explicitFileType = wrapper.cfbundle; includeInIndex = 0; path = "part2-LOLHeroTests.xctest"; sourceTree = BUILT_PRODUCTS_DIR; };
		184A17801B2D2903003FD7F6 /* Info.plist */ = {isa = PBXFileReference; lastKnownFileType = text.plist.xml; path = Info.plist; sourceTree = "<group>"; };
		184A17811B2D2903003FD7F6 /* part2_LOLHeroTests.m */ = {isa = PBXFileReference; lastKnownFileType = sourcecode.c.objc; path = part2_LOLHeroTests.m; sourceTree = "<group>"; };
		184A178B1B2D2E67003FD7F6 /* heros.plist */ = {isa = PBXFileReference; fileEncoding = 4; lastKnownFileType = text.plist.xml; path = heros.plist; sourceTree = "<group>"; };
		184A178D1B2D313A003FD7F6 /* TTHero.h */ = {isa = PBXFileReference; fileEncoding = 4; lastKnownFileType = sourcecode.c.h; path = TTHero.h; sourceTree = "<group>"; };
		184A178E1B2D313A003FD7F6 /* TTHero.m */ = {isa = PBXFileReference; fileEncoding = 4; lastKnownFileType = sourcecode.c.objc; path = TTHero.m; sourceTree = "<group>"; };
/* End PBXFileReference section */

/* Begin PBXFrameworksBuildPhase section */
		184A175F1B2D2903003FD7F6 /* Frameworks */ = {
			isa = PBXFrameworksBuildPhase;
			buildActionMask = 2147483647;
			files = (
			);
			runOnlyForDeploymentPostprocessing = 0;
		};
		184A17781B2D2903003FD7F6 /* Frameworks */ = {
			isa = PBXFrameworksBuildPhase;
			buildActionMask = 2147483647;
			files = (
			);
			runOnlyForDeploymentPostprocessing = 0;
		};
/* End PBXFrameworksBuildPhase section */

/* Begin PBXGroup section */
		184A17591B2D2903003FD7F6 = {
			isa = PBXGroup;
			children = (
				184A17641B2D2903003FD7F6 /* part2-LOLHero */,
				184A177E1B2D2903003FD7F6 /* part2-LOLHeroTests */,
				184A17631B2D2903003FD7F6 /* Products */,
			);
			sourceTree = "<group>";
		};
		184A17631B2D2903003FD7F6 /* Products */ = {
			isa = PBXGroup;
			children = (
				184A17621B2D2903003FD7F6 /* part2-LOLHero.app */,
				184A177B1B2D2903003FD7F6 /* part2-LOLHeroTests.xctest */,
			);
			name = Products;
			sourceTree = "<group>";
		};
		184A17641B2D2903003FD7F6 /* part2-LOLHero */ = {
			isa = PBXGroup;
			children = (
				184A17691B2D2903003FD7F6 /* AppDelegate.h */,
				184A176A1B2D2903003FD7F6 /* AppDelegate.m */,
				184A176C1B2D2903003FD7F6 /* ViewController.h */,
				184A176D1B2D2903003FD7F6 /* ViewController.m */,
				184A178D1B2D313A003FD7F6 /* TTHero.h */,
				184A178E1B2D313A003FD7F6 /* TTHero.m */,
				184A176F1B2D2903003FD7F6 /* Main.storyboard */,
				184A17721B2D2903003FD7F6 /* Images.xcassets */,
				184A17741B2D2903003FD7F6 /* LaunchScreen.xib */,
				184A17651B2D2903003FD7F6 /* Supporting Files */,
			);
			path = "part2-LOLHero";
			sourceTree = "<group>";
		};
		184A17651B2D2903003FD7F6 /* Supporting Files */ = {
			isa = PBXGroup;
			children = (
				184A178B1B2D2E67003FD7F6 /* heros.plist */,
				184A17661B2D2903003FD7F6 /* Info.plist */,
				184A17671B2D2903003FD7F6 /* main.m */,
			);
			name = "Supporting Files";
			sourceTree = "<group>";
		};
		184A177E1B2D2903003FD7F6 /* part2-LOLHeroTests */ = {
			isa = PBXGroup;
			children = (
				184A17811B2D2903003FD7F6 /* part2_LOLHeroTests.m */,
				184A177F1B2D2903003FD7F6 /* Supporting Files */,
			);
			path = "part2-LOLHeroTests";
			sourceTree = "<group>";
		};
		184A177F1B2D2903003FD7F6 /* Supporting Files */ = {
			isa = PBXGroup;
			children = (
				184A17801B2D2903003FD7F6 /* Info.plist */,
			);
			name = "Supporting Files";
			sourceTree = "<group>";
		};
/* End PBXGroup section */

/* Begin PBXNativeTarget section */
		184A17611B2D2903003FD7F6 /* part2-LOLHero */ = {
			isa = PBXNativeTarget;
			buildConfigurationList = 184A17851B2D2903003FD7F6 /* Build configuration list for PBXNativeTarget "part2-LOLHero" */;
			buildPhases = (
				184A175E1B2D2903003FD7F6 /* Sources */,
				184A175F1B2D2903003FD7F6 /* Frameworks */,
				184A17601B2D2903003FD7F6 /* Resources */,
			);
			buildRules = (
			);
			dependencies = (
			);
			name = "part2-LOLHero";
			productName = "part2-LOLHero";
			productReference = 184A17621B2D2903003FD7F6 /* part2-LOLHero.app */;
			productType = "com.apple.product-type.application";
		};
		184A177A1B2D2903003FD7F6 /* part2-LOLHeroTests */ = {
			isa = PBXNativeTarget;
			buildConfigurationList = 184A17881B2D2903003FD7F6 /* Build configuration list for PBXNativeTarget "part2-LOLHeroTests" */;
			buildPhases = (
				184A17771B2D2903003FD7F6 /* Sources */,
				184A17781B2D2903003FD7F6 /* Frameworks */,
				184A17791B2D2903003FD7F6 /* Resources */,
			);
			buildRules = (
			);
			dependencies = (
				184A177D1B2D2903003FD7F6 /* PBXTargetDependency */,
			);
			name = "part2-LOLHeroTests";
			productName = "part2-LOLHeroTests";
			productReference = 184A177B1B2D2903003FD7F6 /* part2-LOLHeroTests.xctest */;
			productType = "com.apple.product-type.bundle.unit-test";
		};
/* End PBXNativeTarget section */

/* Begin PBXProject section */
		184A175A1B2D2903003FD7F6 /* Project object */ = {
			isa = PBXProject;
			attributes = {
				LastUpgradeCheck = 0630;
				ORGANIZATIONNAME = Apple;
				TargetAttributes = {
					184A17611B2D2903003FD7F6 = {
						CreatedOnToolsVersion = 6.3.2;
						DevelopmentTeam = 3HXFD4E2ZR;
					};
					184A177A1B2D2903003FD7F6 = {
						CreatedOnToolsVersion = 6.3.2;
						TestTargetID = 184A17611B2D2903003FD7F6;
					};
				};
			};
			buildConfigurationList = 184A175D1B2D2903003FD7F6 /* Build configuration list for PBXProject "part2-LOLHero" */;
			compatibilityVersion = "Xcode 3.2";
			developmentRegion = English;
			hasScannedForEncodings = 0;
			knownRegions = (
				en,
				Base,
			);
			mainGroup = 184A17591B2D2903003FD7F6;
			productRefGroup = 184A17631B2D2903003FD7F6 /* Products */;
			projectDirPath = "";
			projectRoot = "";
			targets = (
				184A17611B2D2903003FD7F6 /* part2-LOLHero */,
				184A177A1B2D2903003FD7F6 /* part2-LOLHeroTests */,
			);
		};
/* End PBXProject section */

/* Begin PBXResourcesBuildPhase section */
		184A17601B2D2903003FD7F6 /* Resources */ = {
			isa = PBXResourcesBuildPhase;
			buildActionMask = 2147483647;
			files = (
				184A17711B2D2903003FD7F6 /* Main.storyboard in Resources */,
				184A17761B2D2903003FD7F6 /* LaunchScreen.xib in Resources */,
				184A178C1B2D2E67003FD7F6 /* heros.plist in Resources */,
				184A17731B2D2903003FD7F6 /* Images.xcassets in Resources */,
			);
			runOnlyForDeploymentPostprocessing = 0;
		};
		184A17791B2D2903003FD7F6 /* Resources */ = {
			isa = PBXResourcesBuildPhase;
			buildActionMask = 2147483647;
			files = (
			);
			runOnlyForDeploymentPostprocessing = 0;
		};
/* End PBXResourcesBuildPhase section */

/* Begin PBXSourcesBuildPhase section */
		184A175E1B2D2903003FD7F6 /* Sources */ = {
			isa = PBXSourcesBuildPhase;
			buildActionMask = 2147483647;
			files = (
				184A176E1B2D2903003FD7F6 /* ViewController.m in Sources */,
				184A178F1B2D313A003FD7F6 /* TTHero.m in Sources */,
				184A176B1B2D2903003FD7F6 /* AppDelegate.m in Sources */,
				184A17681B2D2903003FD7F6 /* main.m in Sources */,
			);
			runOnlyForDeploymentPostprocessing = 0;
		};
		184A17771B2D2903003FD7F6 /* Sources */ = {
			isa = PBXSourcesBuildPhase;
			buildActionMask = 2147483647;
			files = (
				184A17821B2D2903003FD7F6 /* part2_LOLHeroTests.m in Sources */,
			);
			runOnlyForDeploymentPostprocessing = 0;
		};
/* End PBXSourcesBuildPhase section */

/* Begin PBXTargetDependency section */
		184A177D1B2D2903003FD7F6 /* PBXTargetDependency */ = {
			isa = PBXTargetDependency;
			target = 184A17611B2D2903003FD7F6 /* part2-LOLHero */;
			targetProxy = 184A177C1B2D2903003FD7F6 /* PBXContainerItemProxy */;
		};
/* End PBXTargetDependency section */

/* Begin PBXVariantGroup section */
		184A176F1B2D2903003FD7F6 /* Main.storyboard */ = {
			isa = PBXVariantGroup;
			children = (
				184A17701B2D2903003FD7F6 /* Base */,
			);
			name = Main.storyboard;
			sourceTree = "<group>";
		};
		184A17741B2D2903003FD7F6 /* LaunchScreen.xib */ = {
			isa = PBXVariantGroup;
			children = (
				184A17751B2D2903003FD7F6 /* Base */,
			);
			name = LaunchScreen.xib;
			sourceTree = "<group>";
		};
/* End PBXVariantGroup section */

/* Begin XCBuildConfiguration section */
		184A17831B2D2903003FD7F6 /* Debug */ = {
			isa = XCBuildConfiguration;
			buildSettings = {
				ALWAYS_SEARCH_USER_PATHS = NO;
				CLANG_CXX_LANGUAGE_STANDARD = "gnu++0x";
				CLANG_CXX_LIBRARY = "libc++";
				CLANG_ENABLE_MODULES = YES;
				CLANG_ENABLE_OBJC_ARC = YES;
				CLANG_WARN_BOOL_CONVERSION = YES;
				CLANG_WARN_CONSTANT_CONVERSION = YES;
				CLANG_WARN_DIRECT_OBJC_ISA_USAGE = YES_ERROR;
				CLANG_WARN_EMPTY_BODY = YES;
				CLANG_WARN_ENUM_CONVERSION = YES;
				CLANG_WARN_INT_CONVERSION = YES;
				CLANG_WARN_OBJC_ROOT_CLASS = YES_ERROR;
				CLANG_WARN_UNREACHABLE_CODE = YES;
				CLANG_WARN__DUPLICATE_METHOD_MATCH = YES;
				"CODE_SIGN_IDENTITY[sdk=iphoneos*]" = "iPhone Developer";
				COPY_PHASE_STRIP = NO;
				DEBUG_INFORMATION_FORMAT = "dwarf-with-dsym";
				ENABLE_STRICT_OBJC_MSGSEND = YES;
				GCC_C_LANGUAGE_STANDARD = gnu99;
				GCC_DYNAMIC_NO_PIC = NO;
				GCC_NO_COMMON_BLOCKS = YES;
				GCC_OPTIMIZATION_LEVEL = 0;
				GCC_PREPROCESSOR_DEFINITIONS = (
					"DEBUG=1",
					"$(inherited)",
				);
				GCC_SYMBOLS_PRIVATE_EXTERN = NO;
				GCC_WARN_64_TO_32_BIT_CONVERSION = YES;
				GCC_WARN_ABOUT_RETURN_TYPE = YES_ERROR;
				GCC_WARN_UNDECLARED_SELECTOR = YES;
				GCC_WARN_UNINITIALIZED_AUTOS = YES_AGGRESSIVE;
				GCC_WARN_UNUSED_FUNCTION = YES;
				GCC_WARN_UNUSED_VARIABLE = YES;
				IPHONEOS_DEPLOYMENT_TARGET = 8.3;
				MTL_ENABLE_DEBUG_INFO = YES;
				ONLY_ACTIVE_ARCH = YES;
				SDKROOT = iphoneos;
				TARGETED_DEVICE_FAMILY = "1,2";
			};
			name = Debug;
		};
		184A17841B2D2903003FD7F6 /* Release */ = {
			isa = XCBuildConfiguration;
			buildSettings = {
				ALWAYS_SEARCH_USER_PATHS = NO;
				CLANG_CXX_LANGUAGE_STANDARD = "gnu++0x";
				CLANG_CXX_LIBRARY = "libc++";
				CLANG_ENABLE_MODULES = YES;
				CLANG_ENABLE_OBJC_ARC = YES;
				CLANG_WARN_BOOL_CONVERSION = YES;
				CLANG_WARN_CONSTANT_CONVERSION = YES;
				CLANG_WARN_DIRECT_OBJC_ISA_USAGE = YES_ERROR;
				CLANG_WARN_EMPTY_BODY = YES;
				CLANG_WARN_ENUM_CONVERSION = YES;
				CLANG_WARN_INT_CONVERSION = YES;
				CLANG_WARN_OBJC_ROOT_CLASS = YES_ERROR;
				CLANG_WARN_UNREACHABLE_CODE = YES;
				CLANG_WARN__DUPLICATE_METHOD_MATCH = YES;
				"CODE_SIGN_IDENTITY[sdk=iphoneos*]" = "iPhone Developer";
				COPY_PHASE_STRIP = NO;
				DEBUG_INFORMATION_FORMAT = "dwarf-with-dsym";
				ENABLE_NS_ASSERTIONS = NO;
				ENABLE_STRICT_OBJC_MSGSEND = YES;
				GCC_C_LANGUAGE_STANDARD = gnu99;
				GCC_NO_COMMON_BLOCKS = YES;
				GCC_WARN_64_TO_32_BIT_CONVERSION = YES;
				GCC_WARN_ABOUT_RETURN_TYPE = YES_ERROR;
				GCC_WARN_UNDECLARED_SELECTOR = YES;
				GCC_WARN_UNINITIALIZED_AUTOS = YES_AGGRESSIVE;
				GCC_WARN_UNUSED_FUNCTION = YES;
				GCC_WARN_UNUSED_VARIABLE = YES;
				IPHONEOS_DEPLOYMENT_TARGET = 8.3;
				MTL_ENABLE_DEBUG_INFO = NO;
				SDKROOT = iphoneos;
				TARGETED_DEVICE_FAMILY = "1,2";
				VALIDATE_PRODUCT = YES;
			};
			name = Release;
		};
		184A17861B2D2903003FD7F6 /* Debug */ = {
			isa = XCBuildConfiguration;
			buildSettings = {
				ASSETCATALOG_COMPILER_APPICON_NAME = AppIcon;
				CODE_SIGN_IDENTITY = "iPhone Developer";
				INFOPLIST_FILE = "part2-LOLHero/Info.plist";
				LD_RUNPATH_SEARCH_PATHS = "$(inherited) @executable_path/Frameworks";
				PRODUCT_NAME = "$(TARGET_NAME)";
			};
			name = Debug;
		};
		184A17871B2D2903003FD7F6 /* Release */ = {
			isa = XCBuildConfiguration;
			buildSettings = {
				ASSETCATALOG_COMPILER_APPICON_NAME = AppIcon;
				CODE_SIGN_IDENTITY = "iPhone Developer";
				INFOPLIST_FILE = "part2-LOLHero/Info.plist";
				LD_RUNPATH_SEARCH_PATHS = "$(inherited) @executable_path/Frameworks";
				PRODUCT_NAME = "$(TARGET_NAME)";
			};
			name = Release;
		};
		184A17891B2D2903003FD7F6 /* Debug */ = {
			isa = XCBuildConfiguration;
			buildSettings = {
				BUNDLE_LOADER = "$(TEST_HOST)";
				FRAMEWORK_SEARCH_PATHS = (
					"$(SDKROOT)/Developer/Library/Frameworks",
					"$(inherited)",
				);
				GCC_PREPROCESSOR_DEFINITIONS = (
					"DEBUG=1",
					"$(inherited)",
				);
				INFOPLIST_FILE = "part2-LOLHeroTests/Info.plist";
				LD_RUNPATH_SEARCH_PATHS = "$(inherited) @executable_path/Frameworks @loader_path/Frameworks";
				PRODUCT_NAME = "$(TARGET_NAME)";
				TEST_HOST = "$(BUILT_PRODUCTS_DIR)/part2-LOLHero.app/part2-LOLHero";
			};
			name = Debug;
		};
		184A178A1B2D2903003FD7F6 /* Release */ = {
			isa = XCBuildConfiguration;
			buildSettings = {
				BUNDLE_LOADER = "$(TEST_HOST)";
				FRAMEWORK_SEARCH_PATHS = (
					"$(SDKROOT)/Developer/Library/Frameworks",
					"$(inherited)",
				);
				INFOPLIST_FILE = "part2-LOLHeroTests/Info.plist";
				LD_RUNPATH_SEARCH_PATHS = "$(inherited) @executable_path/Frameworks @loader_path/Frameworks";
				PRODUCT_NAME = "$(TARGET_NAME)";
				TEST_HOST = "$(BUILT_PRODUCTS_DIR)/part2-LOLHero.app/part2-LOLHero";
			};
			name = Release;
		};
/* End XCBuildConfiguration section */

/* Begin XCConfigurationList section */
		184A175D1B2D2903003FD7F6 /* Build configuration list for PBXProject "part2-LOLHero" */ = {
			isa = XCConfigurationList;
			buildConfigurations = (
				184A17831B2D2903003FD7F6 /* Debug */,
				184A17841B2D2903003FD7F6 /* Release */,
			);
			defaultConfigurationIsVisible = 0;
			defaultConfigurationName = Release;
		};
		184A17851B2D2903003FD7F6 /* Build configuration list for PBXNativeTarget "part2-LOLHero" */ = {
			isa = XCConfigurationList;
			buildConfigurations = (
				184A17861B2D2903003FD7F6 /* Debug */,
				184A17871B2D2903003FD7F6 /* Release */,
			);
			defaultConfigurationIsVisible = 0;
			defaultConfigurationName = Release;
		};
		184A17881B2D2903003FD7F6 /* Build configuration list for PBXNativeTarget "part2-LOLHeroTests" */ = {
			isa = XCConfigurationList;
			buildConfigurations = (
				184A17891B2D2903003FD7F6 /* Debug */,
				184A178A1B2D2903003FD7F6 /* Release */,
			);
			defaultConfigurationIsVisible = 0;
			defaultConfigurationName = Release;
		};
/* End XCConfigurationList section */
	};
	rootObject = 184A175A1B2D2903003FD7F6 /* Project object */;
}
